
Microsoft Visual Studio Solution File, Format Version 12.00
# Visual Studio Version 17
VisualStudioVersion = 17.0.31903.59
MinimumVisualStudioVersion = 10.0.40219.1
Project("{2150E333-8FDC-42A3-9474-1A3956D46DE8}") = "src", "src", "{827E0CD3-B72D-47B6-A68D-7590B98EB39B}"
EndProject
Project("{2150E333-8FDC-42A3-9474-1A3956D46DE8}") = "ApiGateway", "ApiGateway", "{FCA01246-F2C6-0AA7-D43F-FD13BE0B9D88}"
EndProject
Project("{FAE04EC0-301F-11D3-BF4B-00C04F79EFBC}") = "NovelVision.Gateway", "src\ApiGateway\NovelVision.Gateway\NovelVision.Gateway.csproj", "{4CDEA726-8D59-434E-BF7A-26BB80EE2449}"
EndProject
Project("{2150E333-8FDC-42A3-9474-1A3956D46DE8}") = "Services", "Services", "{984BB9B3-3FA3-BE33-9484-CAC21695A33C}"
EndProject
Project("{2150E333-8FDC-42A3-9474-1A3956D46DE8}") = "Catalog.API", "Catalog.API", "{F38D6DD7-F656-4BE5-B130-D922466FCD3F}"
EndProject
Project("{FAE04EC0-301F-11D3-BF4B-00C04F79EFBC}") = "NovelVision.Services.Catalog.API", "src\Services\Catalog.API\NovelVision.Services.Catalog.API\NovelVision.Services.Catalog.API.csproj", "{80060E6E-E91B-4FAD-AA7D-19AF3D93E858}"
EndProject
Project("{FAE04EC0-301F-11D3-BF4B-00C04F79EFBC}") = "NovelVision.Services.Catalog.Domain", "src\Services\Catalog.API\NovelVision.Services.Catalog.Domain\NovelVision.Services.Catalog.Domain.csproj", "{EB3204BE-795A-43A6-9382-578590916418}"
EndProject
Project("{FAE04EC0-301F-11D3-BF4B-00C04F79EFBC}") = "NovelVision.Services.Catalog.Infrastructure", "src\Services\Catalog.API\NovelVision.Services.Catalog.Infrastructure\NovelVision.Services.Catalog.Infrastructure.csproj", "{D87FC206-C531-41F2-A9E6-0748BEA280CE}"
EndProject
Project("{FAE04EC0-301F-11D3-BF4B-00C04F79EFBC}") = "NovelVision.Services.Catalog.Application", "src\Services\Catalog.API\NovelVision.Services.Catalog.Application\NovelVision.Services.Catalog.Application.csproj", "{FE2E6F79-C0AC-44C3-B1DC-34A811AFE81C}"
EndProject
Project("{2150E333-8FDC-42A3-9474-1A3956D46DE8}") = "Reading.API", "Reading.API", "{B59E5D48-26C1-D9C4-D93E-3B5E35EDCC98}"
EndProject
Project("{FAE04EC0-301F-11D3-BF4B-00C04F79EFBC}") = "NovelVision.Services.Reading.API", "src\Services\Reading.API\NovelVision.Services.Reading.API\NovelVision.Services.Reading.API.csproj", "{3D3F59C5-89DF-4FDE-AFB6-7EE62355F32C}"
EndProject
Project("{FAE04EC0-301F-11D3-BF4B-00C04F79EFBC}") = "NovelVision.Services.Reading.Domain", "src\Services\Reading.API\NovelVision.Services.Reading.Domain\NovelVision.Services.Reading.Domain.csproj", "{040B8F69-515E-483D-BC17-F36477869B7C}"
EndProject
Project("{FAE04EC0-301F-11D3-BF4B-00C04F79EFBC}") = "NovelVision.Services.Reading.Infrastructure", "src\Services\Reading.API\NovelVision.Services.Reading.Infrastructure\NovelVision.Services.Reading.Infrastructure.csproj", "{910C15B6-1E04-4064-8C9A-0167B105B322}"
EndProject
Project("{FAE04EC0-301F-11D3-BF4B-00C04F79EFBC}") = "NovelVision.Services.Reading.Application", "src\Services\Reading.API\NovelVision.Services.Reading.Application\NovelVision.Services.Reading.Application.csproj", "{3F5FDB86-8044-4CD0-92D6-6FC8085367EB}"
EndProject
Project("{2150E333-8FDC-42A3-9474-1A3956D46DE8}") = "Visualization.API", "Visualization.API", "{A8EA0CB8-F114-CDA5-76BF-78F49FA52584}"
EndProject
Project("{FAE04EC0-301F-11D3-BF4B-00C04F79EFBC}") = "NovelVision.Services.Visualization.API", "src\Services\Visualization.API\NovelVision.Services.Visualization.API\NovelVision.Services.Visualization.API.csproj", "{9F5454BF-06DF-45CC-89CF-DF788783BE30}"
EndProject
Project("{FAE04EC0-301F-11D3-BF4B-00C04F79EFBC}") = "NovelVision.Services.Visualization.Domain", "src\Services\Visualization.API\NovelVision.Services.Visualization.Domain\NovelVision.Services.Visualization.Domain.csproj", "{64884C15-6832-4DA1-B91D-056F59959E9E}"
EndProject
Project("{FAE04EC0-301F-11D3-BF4B-00C04F79EFBC}") = "NovelVision.Services.Visualization.Infrastructure", "src\Services\Visualization.API\NovelVision.Services.Visualization.Infrastructure\NovelVision.Services.Visualization.Infrastructure.csproj", "{0D9CE5E8-FC66-41E0-A2ED-ED3369F93F23}"
EndProject
Project("{FAE04EC0-301F-11D3-BF4B-00C04F79EFBC}") = "NovelVision.Services.Visualization.Application", "src\Services\Visualization.API\NovelVision.Services.Visualization.Application\NovelVision.Services.Visualization.Application.csproj", "{C7788AB9-237C-48AF-9314-899C20C475DB}"
EndProject
Project("{2150E333-8FDC-42A3-9474-1A3956D46DE8}") = "Music.API", "Music.API", "{63B6B47E-3DD2-19BC-AC71-4A6F574972C7}"
EndProject
Project("{FAE04EC0-301F-11D3-BF4B-00C04F79EFBC}") = "NovelVision.Services.Music.API", "src\Services\Music.API\NovelVision.Services.Music.API\NovelVision.Services.Music.API.csproj", "{AF2F3BA2-B804-4918-94F2-7DB783DEC44E}"
EndProject
Project("{FAE04EC0-301F-11D3-BF4B-00C04F79EFBC}") = "NovelVision.Services.Music.Domain", "src\Services\Music.API\NovelVision.Services.Music.Domain\NovelVision.Services.Music.Domain.csproj", "{CDFAB3C5-C21B-4C87-8B72-949B487834C7}"
EndProject
Project("{FAE04EC0-301F-11D3-BF4B-00C04F79EFBC}") = "NovelVision.Services.Music.Infrastructure", "src\Services\Music.API\NovelVision.Services.Music.Infrastructure\NovelVision.Services.Music.Infrastructure.csproj", "{23C405A1-AF3E-4533-ADF4-C88151831D33}"
EndProject
Project("{2150E333-8FDC-42A3-9474-1A3956D46DE8}") = "BuildingBlocks", "BuildingBlocks", "{90298CBA-BD6F-3A0A-69D5-97CAD7B05E7E}"
EndProject
Project("{2150E333-8FDC-42A3-9474-1A3956D46DE8}") = "EventBus", "EventBus", "{4D909E3A-FE81-0AA7-4841-65E192C827E3}"
EndProject
Project("{FAE04EC0-301F-11D3-BF4B-00C04F79EFBC}") = "NovelVision.BuildingBlocks.EventBus", "src\BuildingBlocks\EventBus\NovelVision.BuildingBlocks.EventBus\NovelVision.BuildingBlocks.EventBus.csproj", "{EA5D7350-5D50-4E04-B3D1-EA475103F4A4}"
EndProject
Project("{2150E333-8FDC-42A3-9474-1A3956D46DE8}") = "Common", "Common", "{F8284A3B-6172-4543-FC74-2C149A4C2E29}"
EndProject
Project("{FAE04EC0-301F-11D3-BF4B-00C04F79EFBC}") = "NovelVision.BuildingBlocks.Common", "src\BuildingBlocks\Common\NovelVision.BuildingBlocks.Common\NovelVision.BuildingBlocks.Common.csproj", "{BB58422E-5C18-41BE-A3D8-8506D3682DB7}"
EndProject
Project("{2150E333-8FDC-42A3-9474-1A3956D46DE8}") = "WebApps", "WebApps", "{613E942C-7C9C-5766-673B-EDDCEA89CDF9}"
EndProject
Project("{2150E333-8FDC-42A3-9474-1A3956D46DE8}") = "BookReader.Web", "BookReader.Web", "{3155BCE6-3664-3692-3FAE-F44248F49B42}"
EndProject
Project("{FAE04EC0-301F-11D3-BF4B-00C04F79EFBC}") = "NovelVision.WebApps.BookReader", "src\WebApps\BookReader.Web\NovelVision.WebApps.BookReader\NovelVision.WebApps.BookReader.csproj", "{B4624336-DF25-4BD0-97C5-84D9F8CCE9FB}"
EndProject
Project("{2150E333-8FDC-42A3-9474-1A3956D46DE8}") = "tests", "tests", "{0AB3BF05-4346-4AA6-1389-037BE0695223}"
EndProject
Project("{2150E333-8FDC-42A3-9474-1A3956D46DE8}") = "UnitTests", "UnitTests", "{394A81D9-3C45-9818-BB26-23F2B85056FF}"
EndProject
Project("{FAE04EC0-301F-11D3-BF4B-00C04F79EFBC}") = "NovelVision.UnitTests", "tests\UnitTests\NovelVision.UnitTests\NovelVision.UnitTests.csproj", "{3E3849C4-3FD4-4DD9-8F3C-805FEEC0458B}"
EndProject
Project("{2150E333-8FDC-42A3-9474-1A3956D46DE8}") = "IntegrationTests", "IntegrationTests", "{30785934-E017-5D9F-2777-3D61460A5281}"
EndProject
Project("{FAE04EC0-301F-11D3-BF4B-00C04F79EFBC}") = "NovelVision.IntegrationTests", "tests\IntegrationTests\NovelVision.IntegrationTests\NovelVision.IntegrationTests.csproj", "{FC632EFB-7AEA-46A7-B4C2-92A523B9EFF9}"
EndProject
Project("{FAE04EC0-301F-11D3-BF4B-00C04F79EFBC}") = "NovelVision.Services.Music.Application", "src\Services\Music.API\NovelVision.Services.Music.Application\NovelVision.Services.Music.Application.csproj", "{2CF6005D-D62A-4FB0-A003-12CFF41D5538}"
EndProject
Project("{2150E333-8FDC-42A3-9474-1A3956D46DE8}") = "SharedKernel", "SharedKernel", "{29198B4F-BA60-D483-6723-7BD064451595}"
EndProject
Project("{FAE04EC0-301F-11D3-BF4B-00C04F79EFBC}") = "NovelVision.BuildingBlocks.SharedKernel", "src\BuildingBlocks\SharedKernel\NovelVision.BuildingBlocks.SharedKernel\NovelVision.BuildingBlocks.SharedKernel.csproj", "{ACE4FB0B-EB9E-4377-80AA-7A3FB0642D96}"
EndProject
Global
	GlobalSection(SolutionConfigurationPlatforms) = preSolution
		Debug|Any CPU = Debug|Any CPU
		Debug|x64 = Debug|x64
		Debug|x86 = Debug|x86
		Release|Any CPU = Release|Any CPU
		Release|x64 = Release|x64
		Release|x86 = Release|x86
	EndGlobalSection
	GlobalSection(ProjectConfigurationPlatforms) = postSolution
		{4CDEA726-8D59-434E-BF7A-26BB80EE2449}.Debug|Any CPU.ActiveCfg = Debug|Any CPU
		{4CDEA726-8D59-434E-BF7A-26BB80EE2449}.Debug|Any CPU.Build.0 = Debug|Any CPU
		{4CDEA726-8D59-434E-BF7A-26BB80EE2449}.Debug|x64.ActiveCfg = Debug|Any CPU
		{4CDEA726-8D59-434E-BF7A-26BB80EE2449}.Debug|x64.Build.0 = Debug|Any CPU
		{4CDEA726-8D59-434E-BF7A-26BB80EE2449}.Debug|x86.ActiveCfg = Debug|Any CPU
		{4CDEA726-8D59-434E-BF7A-26BB80EE2449}.Debug|x86.Build.0 = Debug|Any CPU
		{4CDEA726-8D59-434E-BF7A-26BB80EE2449}.Release|Any CPU.ActiveCfg = Release|Any CPU
		{4CDEA726-8D59-434E-BF7A-26BB80EE2449}.Release|Any CPU.Build.0 = Release|Any CPU
		{4CDEA726-8D59-434E-BF7A-26BB80EE2449}.Release|x64.ActiveCfg = Release|Any CPU
		{4CDEA726-8D59-434E-BF7A-26BB80EE2449}.Release|x64.Build.0 = Release|Any CPU
		{4CDEA726-8D59-434E-BF7A-26BB80EE2449}.Release|x86.ActiveCfg = Release|Any CPU
		{4CDEA726-8D59-434E-BF7A-26BB80EE2449}.Release|x86.Build.0 = Release|Any CPU
		{80060E6E-E91B-4FAD-AA7D-19AF3D93E858}.Debug|Any CPU.ActiveCfg = Debug|Any CPU
		{80060E6E-E91B-4FAD-AA7D-19AF3D93E858}.Debug|Any CPU.Build.0 = Debug|Any CPU
		{80060E6E-E91B-4FAD-AA7D-19AF3D93E858}.Debug|x64.ActiveCfg = Debug|Any CPU
		{80060E6E-E91B-4FAD-AA7D-19AF3D93E858}.Debug|x64.Build.0 = Debug|Any CPU
		{80060E6E-E91B-4FAD-AA7D-19AF3D93E858}.Debug|x86.ActiveCfg = Debug|Any CPU
		{80060E6E-E91B-4FAD-AA7D-19AF3D93E858}.Debug|x86.Build.0 = Debug|Any CPU
		{80060E6E-E91B-4FAD-AA7D-19AF3D93E858}.Release|Any CPU.ActiveCfg = Release|Any CPU
		{80060E6E-E91B-4FAD-AA7D-19AF3D93E858}.Release|Any CPU.Build.0 = Release|Any CPU
		{80060E6E-E91B-4FAD-AA7D-19AF3D93E858}.Release|x64.ActiveCfg = Release|Any CPU
		{80060E6E-E91B-4FAD-AA7D-19AF3D93E858}.Release|x64.Build.0 = Release|Any CPU
		{80060E6E-E91B-4FAD-AA7D-19AF3D93E858}.Release|x86.ActiveCfg = Release|Any CPU
		{80060E6E-E91B-4FAD-AA7D-19AF3D93E858}.Release|x86.Build.0 = Release|Any CPU
		{EB3204BE-795A-43A6-9382-578590916418}.Debug|Any CPU.ActiveCfg = Debug|Any CPU
		{EB3204BE-795A-43A6-9382-578590916418}.Debug|Any CPU.Build.0 = Debug|Any CPU
		{EB3204BE-795A-43A6-9382-578590916418}.Debug|x64.ActiveCfg = Debug|Any CPU
		{EB3204BE-795A-43A6-9382-578590916418}.Debug|x64.Build.0 = Debug|Any CPU
		{EB3204BE-795A-43A6-9382-578590916418}.Debug|x86.ActiveCfg = Debug|Any CPU
		{EB3204BE-795A-43A6-9382-578590916418}.Debug|x86.Build.0 = Debug|Any CPU
		{EB3204BE-795A-43A6-9382-578590916418}.Release|Any CPU.ActiveCfg = Release|Any CPU
		{EB3204BE-795A-43A6-9382-578590916418}.Release|Any CPU.Build.0 = Release|Any CPU
		{EB3204BE-795A-43A6-9382-578590916418}.Release|x64.ActiveCfg = Release|Any CPU
		{EB3204BE-795A-43A6-9382-578590916418}.Release|x64.Build.0 = Release|Any CPU
		{EB3204BE-795A-43A6-9382-578590916418}.Release|x86.ActiveCfg = Release|Any CPU
		{EB3204BE-795A-43A6-9382-578590916418}.Release|x86.Build.0 = Release|Any CPU
		{D87FC206-C531-41F2-A9E6-0748BEA280CE}.Debug|Any CPU.ActiveCfg = Debug|Any CPU
		{D87FC206-C531-41F2-A9E6-0748BEA280CE}.Debug|Any CPU.Build.0 = Debug|Any CPU
		{D87FC206-C531-41F2-A9E6-0748BEA280CE}.Debug|x64.ActiveCfg = Debug|Any CPU
		{D87FC206-C531-41F2-A9E6-0748BEA280CE}.Debug|x64.Build.0 = Debug|Any CPU
		{D87FC206-C531-41F2-A9E6-0748BEA280CE}.Debug|x86.ActiveCfg = Debug|Any CPU
		{D87FC206-C531-41F2-A9E6-0748BEA280CE}.Debug|x86.Build.0 = Debug|Any CPU
		{D87FC206-C531-41F2-A9E6-0748BEA280CE}.Release|Any CPU.ActiveCfg = Release|Any CPU
		{D87FC206-C531-41F2-A9E6-0748BEA280CE}.Release|Any CPU.Build.0 = Release|Any CPU
		{D87FC206-C531-41F2-A9E6-0748BEA280CE}.Release|x64.ActiveCfg = Release|Any CPU
		{D87FC206-C531-41F2-A9E6-0748BEA280CE}.Release|x64.Build.0 = Release|Any CPU
		{D87FC206-C531-41F2-A9E6-0748BEA280CE}.Release|x86.ActiveCfg = Release|Any CPU
		{D87FC206-C531-41F2-A9E6-0748BEA280CE}.Release|x86.Build.0 = Release|Any CPU
		{FE2E6F79-C0AC-44C3-B1DC-34A811AFE81C}.Debug|Any CPU.ActiveCfg = Debug|Any CPU
		{FE2E6F79-C0AC-44C3-B1DC-34A811AFE81C}.Debug|Any CPU.Build.0 = Debug|Any CPU
		{FE2E6F79-C0AC-44C3-B1DC-34A811AFE81C}.Debug|x64.ActiveCfg = Debug|Any CPU
		{FE2E6F79-C0AC-44C3-B1DC-34A811AFE81C}.Debug|x64.Build.0 = Debug|Any CPU
		{FE2E6F79-C0AC-44C3-B1DC-34A811AFE81C}.Debug|x86.ActiveCfg = Debug|Any CPU
		{FE2E6F79-C0AC-44C3-B1DC-34A811AFE81C}.Debug|x86.Build.0 = Debug|Any CPU
		{FE2E6F79-C0AC-44C3-B1DC-34A811AFE81C}.Release|Any CPU.ActiveCfg = Release|Any CPU
		{FE2E6F79-C0AC-44C3-B1DC-34A811AFE81C}.Release|Any CPU.Build.0 = Release|Any CPU
		{FE2E6F79-C0AC-44C3-B1DC-34A811AFE81C}.Release|x64.ActiveCfg = Release|Any CPU
		{FE2E6F79-C0AC-44C3-B1DC-34A811AFE81C}.Release|x64.Build.0 = Release|Any CPU
		{FE2E6F79-C0AC-44C3-B1DC-34A811AFE81C}.Release|x86.ActiveCfg = Release|Any CPU
		{FE2E6F79-C0AC-44C3-B1DC-34A811AFE81C}.Release|x86.Build.0 = Release|Any CPU
		{3D3F59C5-89DF-4FDE-AFB6-7EE62355F32C}.Debug|Any CPU.ActiveCfg = Debug|Any CPU
		{3D3F59C5-89DF-4FDE-AFB6-7EE62355F32C}.Debug|Any CPU.Build.0 = Debug|Any CPU
		{3D3F59C5-89DF-4FDE-AFB6-7EE62355F32C}.Debug|x64.ActiveCfg = Debug|Any CPU
		{3D3F59C5-89DF-4FDE-AFB6-7EE62355F32C}.Debug|x64.Build.0 = Debug|Any CPU
		{3D3F59C5-89DF-4FDE-AFB6-7EE62355F32C}.Debug|x86.ActiveCfg = Debug|Any CPU
		{3D3F59C5-89DF-4FDE-AFB6-7EE62355F32C}.Debug|x86.Build.0 = Debug|Any CPU
		{3D3F59C5-89DF-4FDE-AFB6-7EE62355F32C}.Release|Any CPU.ActiveCfg = Release|Any CPU
		{3D3F59C5-89DF-4FDE-AFB6-7EE62355F32C}.Release|Any CPU.Build.0 = Release|Any CPU
		{3D3F59C5-89DF-4FDE-AFB6-7EE62355F32C}.Release|x64.ActiveCfg = Release|Any CPU
		{3D3F59C5-89DF-4FDE-AFB6-7EE62355F32C}.Release|x64.Build.0 = Release|Any CPU
		{3D3F59C5-89DF-4FDE-AFB6-7EE62355F32C}.Release|x86.ActiveCfg = Release|Any CPU
		{3D3F59C5-89DF-4FDE-AFB6-7EE62355F32C}.Release|x86.Build.0 = Release|Any CPU
		{040B8F69-515E-483D-BC17-F36477869B7C}.Debug|Any CPU.ActiveCfg = Debug|Any CPU
		{040B8F69-515E-483D-BC17-F36477869B7C}.Debug|Any CPU.Build.0 = Debug|Any CPU
		{040B8F69-515E-483D-BC17-F36477869B7C}.Debug|x64.ActiveCfg = Debug|Any CPU
		{040B8F69-515E-483D-BC17-F36477869B7C}.Debug|x64.Build.0 = Debug|Any CPU
		{040B8F69-515E-483D-BC17-F36477869B7C}.Debug|x86.ActiveCfg = Debug|Any CPU
		{040B8F69-515E-483D-BC17-F36477869B7C}.Debug|x86.Build.0 = Debug|Any CPU
		{040B8F69-515E-483D-BC17-F36477869B7C}.Release|Any CPU.ActiveCfg = Release|Any CPU
		{040B8F69-515E-483D-BC17-F36477869B7C}.Release|Any CPU.Build.0 = Release|Any CPU
		{040B8F69-515E-483D-BC17-F36477869B7C}.Release|x64.ActiveCfg = Release|Any CPU
		{040B8F69-515E-483D-BC17-F36477869B7C}.Release|x64.Build.0 = Release|Any CPU
		{040B8F69-515E-483D-BC17-F36477869B7C}.Release|x86.ActiveCfg = Release|Any CPU
		{040B8F69-515E-483D-BC17-F36477869B7C}.Release|x86.Build.0 = Release|Any CPU
		{910C15B6-1E04-4064-8C9A-0167B105B322}.Debug|Any CPU.ActiveCfg = Debug|Any CPU
		{910C15B6-1E04-4064-8C9A-0167B105B322}.Debug|Any CPU.Build.0 = Debug|Any CPU
		{910C15B6-1E04-4064-8C9A-0167B105B322}.Debug|x64.ActiveCfg = Debug|Any CPU
		{910C15B6-1E04-4064-8C9A-0167B105B322}.Debug|x64.Build.0 = Debug|Any CPU
		{910C15B6-1E04-4064-8C9A-0167B105B322}.Debug|x86.ActiveCfg = Debug|Any CPU
		{910C15B6-1E04-4064-8C9A-0167B105B322}.Debug|x86.Build.0 = Debug|Any CPU
		{910C15B6-1E04-4064-8C9A-0167B105B322}.Release|Any CPU.ActiveCfg = Release|Any CPU
		{910C15B6-1E04-4064-8C9A-0167B105B322}.Release|Any CPU.Build.0 = Release|Any CPU
		{910C15B6-1E04-4064-8C9A-0167B105B322}.Release|x64.ActiveCfg = Release|Any CPU
		{910C15B6-1E04-4064-8C9A-0167B105B322}.Release|x64.Build.0 = Release|Any CPU
		{910C15B6-1E04-4064-8C9A-0167B105B322}.Release|x86.ActiveCfg = Release|Any CPU
		{910C15B6-1E04-4064-8C9A-0167B105B322}.Release|x86.Build.0 = Release|Any CPU
		{3F5FDB86-8044-4CD0-92D6-6FC8085367EB}.Debug|Any CPU.ActiveCfg = Debug|Any CPU
		{3F5FDB86-8044-4CD0-92D6-6FC8085367EB}.Debug|Any CPU.Build.0 = Debug|Any CPU
		{3F5FDB86-8044-4CD0-92D6-6FC8085367EB}.Debug|x64.ActiveCfg = Debug|Any CPU
		{3F5FDB86-8044-4CD0-92D6-6FC8085367EB}.Debug|x64.Build.0 = Debug|Any CPU
		{3F5FDB86-8044-4CD0-92D6-6FC8085367EB}.Debug|x86.ActiveCfg = Debug|Any CPU
		{3F5FDB86-8044-4CD0-92D6-6FC8085367EB}.Debug|x86.Build.0 = Debug|Any CPU
		{3F5FDB86-8044-4CD0-92D6-6FC8085367EB}.Release|Any CPU.ActiveCfg = Release|Any CPU
		{3F5FDB86-8044-4CD0-92D6-6FC8085367EB}.Release|Any CPU.Build.0 = Release|Any CPU
		{3F5FDB86-8044-4CD0-92D6-6FC8085367EB}.Release|x64.ActiveCfg = Release|Any CPU
		{3F5FDB86-8044-4CD0-92D6-6FC8085367EB}.Release|x64.Build.0 = Release|Any CPU
		{3F5FDB86-8044-4CD0-92D6-6FC8085367EB}.Release|x86.ActiveCfg = Release|Any CPU
		{3F5FDB86-8044-4CD0-92D6-6FC8085367EB}.Release|x86.Build.0 = Release|Any CPU
		{9F5454BF-06DF-45CC-89CF-DF788783BE30}.Debug|Any CPU.ActiveCfg = Debug|Any CPU
		{9F5454BF-06DF-45CC-89CF-DF788783BE30}.Debug|Any CPU.Build.0 = Debug|Any CPU
		{9F5454BF-06DF-45CC-89CF-DF788783BE30}.Debug|x64.ActiveCfg = Debug|Any CPU
		{9F5454BF-06DF-45CC-89CF-DF788783BE30}.Debug|x64.Build.0 = Debug|Any CPU
		{9F5454BF-06DF-45CC-89CF-DF788783BE30}.Debug|x86.ActiveCfg = Debug|Any CPU
		{9F5454BF-06DF-45CC-89CF-DF788783BE30}.Debug|x86.Build.0 = Debug|Any CPU
		{9F5454BF-06DF-45CC-89CF-DF788783BE30}.Release|Any CPU.ActiveCfg = Release|Any CPU
		{9F5454BF-06DF-45CC-89CF-DF788783BE30}.Release|Any CPU.Build.0 = Release|Any CPU
		{9F5454BF-06DF-45CC-89CF-DF788783BE30}.Release|x64.ActiveCfg = Release|Any CPU
		{9F5454BF-06DF-45CC-89CF-DF788783BE30}.Release|x64.Build.0 = Release|Any CPU
		{9F5454BF-06DF-45CC-89CF-DF788783BE30}.Release|x86.ActiveCfg = Release|Any CPU
		{9F5454BF-06DF-45CC-89CF-DF788783BE30}.Release|x86.Build.0 = Release|Any CPU
		{64884C15-6832-4DA1-B91D-056F59959E9E}.Debug|Any CPU.ActiveCfg = Debug|Any CPU
		{64884C15-6832-4DA1-B91D-056F59959E9E}.Debug|Any CPU.Build.0 = Debug|Any CPU
		{64884C15-6832-4DA1-B91D-056F59959E9E}.Debug|x64.ActiveCfg = Debug|Any CPU
		{64884C15-6832-4DA1-B91D-056F59959E9E}.Debug|x64.Build.0 = Debug|Any CPU
		{64884C15-6832-4DA1-B91D-056F59959E9E}.Debug|x86.ActiveCfg = Debug|Any CPU
		{64884C15-6832-4DA1-B91D-056F59959E9E}.Debug|x86.Build.0 = Debug|Any CPU
		{64884C15-6832-4DA1-B91D-056F59959E9E}.Release|Any CPU.ActiveCfg = Release|Any CPU
		{64884C15-6832-4DA1-B91D-056F59959E9E}.Release|Any CPU.Build.0 = Release|Any CPU
		{64884C15-6832-4DA1-B91D-056F59959E9E}.Release|x64.ActiveCfg = Release|Any CPU
		{64884C15-6832-4DA1-B91D-056F59959E9E}.Release|x64.Build.0 = Release|Any CPU
		{64884C15-6832-4DA1-B91D-056F59959E9E}.Release|x86.ActiveCfg = Release|Any CPU
		{64884C15-6832-4DA1-B91D-056F59959E9E}.Release|x86.Build.0 = Release|Any CPU
		{0D9CE5E8-FC66-41E0-A2ED-ED3369F93F23}.Debug|Any CPU.ActiveCfg = Debug|Any CPU
		{0D9CE5E8-FC66-41E0-A2ED-ED3369F93F23}.Debug|Any CPU.Build.0 = Debug|Any CPU
		{0D9CE5E8-FC66-41E0-A2ED-ED3369F93F23}.Debug|x64.ActiveCfg = Debug|Any CPU
		{0D9CE5E8-FC66-41E0-A2ED-ED3369F93F23}.Debug|x64.Build.0 = Debug|Any CPU
		{0D9CE5E8-FC66-41E0-A2ED-ED3369F93F23}.Debug|x86.ActiveCfg = Debug|Any CPU
		{0D9CE5E8-FC66-41E0-A2ED-ED3369F93F23}.Debug|x86.Build.0 = Debug|Any CPU
		{0D9CE5E8-FC66-41E0-A2ED-ED3369F93F23}.Release|Any CPU.ActiveCfg = Release|Any CPU
		{0D9CE5E8-FC66-41E0-A2ED-ED3369F93F23}.Release|Any CPU.Build.0 = Release|Any CPU
		{0D9CE5E8-FC66-41E0-A2ED-ED3369F93F23}.Release|x64.ActiveCfg = Release|Any CPU
		{0D9CE5E8-FC66-41E0-A2ED-ED3369F93F23}.Release|x64.Build.0 = Release|Any CPU
		{0D9CE5E8-FC66-41E0-A2ED-ED3369F93F23}.Release|x86.ActiveCfg = Release|Any CPU
		{0D9CE5E8-FC66-41E0-A2ED-ED3369F93F23}.Release|x86.Build.0 = Release|Any CPU
		{C7788AB9-237C-48AF-9314-899C20C475DB}.Debug|Any CPU.ActiveCfg = Debug|Any CPU
		{C7788AB9-237C-48AF-9314-899C20C475DB}.Debug|Any CPU.Build.0 = Debug|Any CPU
		{C7788AB9-237C-48AF-9314-899C20C475DB}.Debug|x64.ActiveCfg = Debug|Any CPU
		{C7788AB9-237C-48AF-9314-899C20C475DB}.Debug|x64.Build.0 = Debug|Any CPU
		{C7788AB9-237C-48AF-9314-899C20C475DB}.Debug|x86.ActiveCfg = Debug|Any CPU
		{C7788AB9-237C-48AF-9314-899C20C475DB}.Debug|x86.Build.0 = Debug|Any CPU
		{C7788AB9-237C-48AF-9314-899C20C475DB}.Release|Any CPU.ActiveCfg = Release|Any CPU
		{C7788AB9-237C-48AF-9314-899C20C475DB}.Release|Any CPU.Build.0 = Release|Any CPU
		{C7788AB9-237C-48AF-9314-899C20C475DB}.Release|x64.ActiveCfg = Release|Any CPU
		{C7788AB9-237C-48AF-9314-899C20C475DB}.Release|x64.Build.0 = Release|Any CPU
		{C7788AB9-237C-48AF-9314-899C20C475DB}.Release|x86.ActiveCfg = Release|Any CPU
		{C7788AB9-237C-48AF-9314-899C20C475DB}.Release|x86.Build.0 = Release|Any CPU
		{AF2F3BA2-B804-4918-94F2-7DB783DEC44E}.Debug|Any CPU.ActiveCfg = Debug|Any CPU
		{AF2F3BA2-B804-4918-94F2-7DB783DEC44E}.Debug|Any CPU.Build.0 = Debug|Any CPU
		{AF2F3BA2-B804-4918-94F2-7DB783DEC44E}.Debug|x64.ActiveCfg = Debug|Any CPU
		{AF2F3BA2-B804-4918-94F2-7DB783DEC44E}.Debug|x64.Build.0 = Debug|Any CPU
		{AF2F3BA2-B804-4918-94F2-7DB783DEC44E}.Debug|x86.ActiveCfg = Debug|Any CPU
		{AF2F3BA2-B804-4918-94F2-7DB783DEC44E}.Debug|x86.Build.0 = Debug|Any CPU
		{AF2F3BA2-B804-4918-94F2-7DB783DEC44E}.Release|Any CPU.ActiveCfg = Release|Any CPU
		{AF2F3BA2-B804-4918-94F2-7DB783DEC44E}.Release|Any CPU.Build.0 = Release|Any CPU
		{AF2F3BA2-B804-4918-94F2-7DB783DEC44E}.Release|x64.ActiveCfg = Release|Any CPU
		{AF2F3BA2-B804-4918-94F2-7DB783DEC44E}.Release|x64.Build.0 = Release|Any CPU
		{AF2F3BA2-B804-4918-94F2-7DB783DEC44E}.Release|x86.ActiveCfg = Release|Any CPU
		{AF2F3BA2-B804-4918-94F2-7DB783DEC44E}.Release|x86.Build.0 = Release|Any CPU
		{CDFAB3C5-C21B-4C87-8B72-949B487834C7}.Debug|Any CPU.ActiveCfg = Debug|Any CPU
		{CDFAB3C5-C21B-4C87-8B72-949B487834C7}.Debug|Any CPU.Build.0 = Debug|Any CPU
		{CDFAB3C5-C21B-4C87-8B72-949B487834C7}.Debug|x64.ActiveCfg = Debug|Any CPU
		{CDFAB3C5-C21B-4C87-8B72-949B487834C7}.Debug|x64.Build.0 = Debug|Any CPU
		{CDFAB3C5-C21B-4C87-8B72-949B487834C7}.Debug|x86.ActiveCfg = Debug|Any CPU
		{CDFAB3C5-C21B-4C87-8B72-949B487834C7}.Debug|x86.Build.0 = Debug|Any CPU
		{CDFAB3C5-C21B-4C87-8B72-949B487834C7}.Release|Any CPU.ActiveCfg = Release|Any CPU
		{CDFAB3C5-C21B-4C87-8B72-949B487834C7}.Release|Any CPU.Build.0 = Release|Any CPU
		{CDFAB3C5-C21B-4C87-8B72-949B487834C7}.Release|x64.ActiveCfg = Release|Any CPU
		{CDFAB3C5-C21B-4C87-8B72-949B487834C7}.Release|x64.Build.0 = Release|Any CPU
		{CDFAB3C5-C21B-4C87-8B72-949B487834C7}.Release|x86.ActiveCfg = Release|Any CPU
		{CDFAB3C5-C21B-4C87-8B72-949B487834C7}.Release|x86.Build.0 = Release|Any CPU
		{23C405A1-AF3E-4533-ADF4-C88151831D33}.Debug|Any CPU.ActiveCfg = Debug|Any CPU
		{23C405A1-AF3E-4533-ADF4-C88151831D33}.Debug|Any CPU.Build.0 = Debug|Any CPU
		{23C405A1-AF3E-4533-ADF4-C88151831D33}.Debug|x64.ActiveCfg = Debug|Any CPU
		{23C405A1-AF3E-4533-ADF4-C88151831D33}.Debug|x64.Build.0 = Debug|Any CPU
		{23C405A1-AF3E-4533-ADF4-C88151831D33}.Debug|x86.ActiveCfg = Debug|Any CPU
		{23C405A1-AF3E-4533-ADF4-C88151831D33}.Debug|x86.Build.0 = Debug|Any CPU
		{23C405A1-AF3E-4533-ADF4-C88151831D33}.Release|Any CPU.ActiveCfg = Release|Any CPU
		{23C405A1-AF3E-4533-ADF4-C88151831D33}.Release|Any CPU.Build.0 = Release|Any CPU
		{23C405A1-AF3E-4533-ADF4-C88151831D33}.Release|x64.ActiveCfg = Release|Any CPU
		{23C405A1-AF3E-4533-ADF4-C88151831D33}.Release|x64.Build.0 = Release|Any CPU
		{23C405A1-AF3E-4533-ADF4-C88151831D33}.Release|x86.ActiveCfg = Release|Any CPU
		{23C405A1-AF3E-4533-ADF4-C88151831D33}.Release|x86.Build.0 = Release|Any CPU
		{EA5D7350-5D50-4E04-B3D1-EA475103F4A4}.Debug|Any CPU.ActiveCfg = Debug|Any CPU
		{EA5D7350-5D50-4E04-B3D1-EA475103F4A4}.Debug|Any CPU.Build.0 = Debug|Any CPU
		{EA5D7350-5D50-4E04-B3D1-EA475103F4A4}.Debug|x64.ActiveCfg = Debug|Any CPU
		{EA5D7350-5D50-4E04-B3D1-EA475103F4A4}.Debug|x64.Build.0 = Debug|Any CPU
		{EA5D7350-5D50-4E04-B3D1-EA475103F4A4}.Debug|x86.ActiveCfg = Debug|Any CPU
		{EA5D7350-5D50-4E04-B3D1-EA475103F4A4}.Debug|x86.Build.0 = Debug|Any CPU
		{EA5D7350-5D50-4E04-B3D1-EA475103F4A4}.Release|Any CPU.ActiveCfg = Release|Any CPU
		{EA5D7350-5D50-4E04-B3D1-EA475103F4A4}.Release|Any CPU.Build.0 = Release|Any CPU
		{EA5D7350-5D50-4E04-B3D1-EA475103F4A4}.Release|x64.ActiveCfg = Release|Any CPU
		{EA5D7350-5D50-4E04-B3D1-EA475103F4A4}.Release|x64.Build.0 = Release|Any CPU
		{EA5D7350-5D50-4E04-B3D1-EA475103F4A4}.Release|x86.ActiveCfg = Release|Any CPU
		{EA5D7350-5D50-4E04-B3D1-EA475103F4A4}.Release|x86.Build.0 = Release|Any CPU
		{BB58422E-5C18-41BE-A3D8-8506D3682DB7}.Debug|Any CPU.ActiveCfg = Debug|Any CPU
		{BB58422E-5C18-41BE-A3D8-8506D3682DB7}.Debug|Any CPU.Build.0 = Debug|Any CPU
		{BB58422E-5C18-41BE-A3D8-8506D3682DB7}.Debug|x64.ActiveCfg = Debug|Any CPU
		{BB58422E-5C18-41BE-A3D8-8506D3682DB7}.Debug|x64.Build.0 = Debug|Any CPU
		{BB58422E-5C18-41BE-A3D8-8506D3682DB7}.Debug|x86.ActiveCfg = Debug|Any CPU
		{BB58422E-5C18-41BE-A3D8-8506D3682DB7}.Debug|x86.Build.0 = Debug|Any CPU
		{BB58422E-5C18-41BE-A3D8-8506D3682DB7}.Release|Any CPU.ActiveCfg = Release|Any CPU
		{BB58422E-5C18-41BE-A3D8-8506D3682DB7}.Release|Any CPU.Build.0 = Release|Any CPU
		{BB58422E-5C18-41BE-A3D8-8506D3682DB7}.Release|x64.ActiveCfg = Release|Any CPU
		{BB58422E-5C18-41BE-A3D8-8506D3682DB7}.Release|x64.Build.0 = Release|Any CPU
		{BB58422E-5C18-41BE-A3D8-8506D3682DB7}.Release|x86.ActiveCfg = Release|Any CPU
		{BB58422E-5C18-41BE-A3D8-8506D3682DB7}.Release|x86.Build.0 = Release|Any CPU
		{B4624336-DF25-4BD0-97C5-84D9F8CCE9FB}.Debug|Any CPU.ActiveCfg = Debug|Any CPU
		{B4624336-DF25-4BD0-97C5-84D9F8CCE9FB}.Debug|Any CPU.Build.0 = Debug|Any CPU
		{B4624336-DF25-4BD0-97C5-84D9F8CCE9FB}.Debug|x64.ActiveCfg = Debug|Any CPU
		{B4624336-DF25-4BD0-97C5-84D9F8CCE9FB}.Debug|x64.Build.0 = Debug|Any CPU
		{B4624336-DF25-4BD0-97C5-84D9F8CCE9FB}.Debug|x86.ActiveCfg = Debug|Any CPU
		{B4624336-DF25-4BD0-97C5-84D9F8CCE9FB}.Debug|x86.Build.0 = Debug|Any CPU
		{B4624336-DF25-4BD0-97C5-84D9F8CCE9FB}.Release|Any CPU.ActiveCfg = Release|Any CPU
		{B4624336-DF25-4BD0-97C5-84D9F8CCE9FB}.Release|Any CPU.Build.0 = Release|Any CPU
		{B4624336-DF25-4BD0-97C5-84D9F8CCE9FB}.Release|x64.ActiveCfg = Release|Any CPU
		{B4624336-DF25-4BD0-97C5-84D9F8CCE9FB}.Release|x64.Build.0 = Release|Any CPU
		{B4624336-DF25-4BD0-97C5-84D9F8CCE9FB}.Release|x86.ActiveCfg = Release|Any CPU
		{B4624336-DF25-4BD0-97C5-84D9F8CCE9FB}.Release|x86.Build.0 = Release|Any CPU
		{3E3849C4-3FD4-4DD9-8F3C-805FEEC0458B}.Debug|Any CPU.ActiveCfg = Debug|Any CPU
		{3E3849C4-3FD4-4DD9-8F3C-805FEEC0458B}.Debug|Any CPU.Build.0 = Debug|Any CPU
		{3E3849C4-3FD4-4DD9-8F3C-805FEEC0458B}.Debug|x64.ActiveCfg = Debug|Any CPU
		{3E3849C4-3FD4-4DD9-8F3C-805FEEC0458B}.Debug|x64.Build.0 = Debug|Any CPU
		{3E3849C4-3FD4-4DD9-8F3C-805FEEC0458B}.Debug|x86.ActiveCfg = Debug|Any CPU
		{3E3849C4-3FD4-4DD9-8F3C-805FEEC0458B}.Debug|x86.Build.0 = Debug|Any CPU
		{3E3849C4-3FD4-4DD9-8F3C-805FEEC0458B}.Release|Any CPU.ActiveCfg = Release|Any CPU
		{3E3849C4-3FD4-4DD9-8F3C-805FEEC0458B}.Release|Any CPU.Build.0 = Release|Any CPU
		{3E3849C4-3FD4-4DD9-8F3C-805FEEC0458B}.Release|x64.ActiveCfg = Release|Any CPU
		{3E3849C4-3FD4-4DD9-8F3C-805FEEC0458B}.Release|x64.Build.0 = Release|Any CPU
		{3E3849C4-3FD4-4DD9-8F3C-805FEEC0458B}.Release|x86.ActiveCfg = Release|Any CPU
		{3E3849C4-3FD4-4DD9-8F3C-805FEEC0458B}.Release|x86.Build.0 = Release|Any CPU
		{FC632EFB-7AEA-46A7-B4C2-92A523B9EFF9}.Debug|Any CPU.ActiveCfg = Debug|Any CPU
		{FC632EFB-7AEA-46A7-B4C2-92A523B9EFF9}.Debug|Any CPU.Build.0 = Debug|Any CPU
		{FC632EFB-7AEA-46A7-B4C2-92A523B9EFF9}.Debug|x64.ActiveCfg = Debug|Any CPU
		{FC632EFB-7AEA-46A7-B4C2-92A523B9EFF9}.Debug|x64.Build.0 = Debug|Any CPU
		{FC632EFB-7AEA-46A7-B4C2-92A523B9EFF9}.Debug|x86.ActiveCfg = Debug|Any CPU
		{FC632EFB-7AEA-46A7-B4C2-92A523B9EFF9}.Debug|x86.Build.0 = Debug|Any CPU
		{FC632EFB-7AEA-46A7-B4C2-92A523B9EFF9}.Release|Any CPU.ActiveCfg = Release|Any CPU
		{FC632EFB-7AEA-46A7-B4C2-92A523B9EFF9}.Release|Any CPU.Build.0 = Release|Any CPU
		{FC632EFB-7AEA-46A7-B4C2-92A523B9EFF9}.Release|x64.ActiveCfg = Release|Any CPU
		{FC632EFB-7AEA-46A7-B4C2-92A523B9EFF9}.Release|x64.Build.0 = Release|Any CPU
		{FC632EFB-7AEA-46A7-B4C2-92A523B9EFF9}.Release|x86.ActiveCfg = Release|Any CPU
		{FC632EFB-7AEA-46A7-B4C2-92A523B9EFF9}.Release|x86.Build.0 = Release|Any CPU
		{2CF6005D-D62A-4FB0-A003-12CFF41D5538}.Debug|Any CPU.ActiveCfg = Debug|Any CPU
		{2CF6005D-D62A-4FB0-A003-12CFF41D5538}.Debug|Any CPU.Build.0 = Debug|Any CPU
		{2CF6005D-D62A-4FB0-A003-12CFF41D5538}.Debug|x64.ActiveCfg = Debug|Any CPU
		{2CF6005D-D62A-4FB0-A003-12CFF41D5538}.Debug|x64.Build.0 = Debug|Any CPU
		{2CF6005D-D62A-4FB0-A003-12CFF41D5538}.Debug|x86.ActiveCfg = Debug|Any CPU
		{2CF6005D-D62A-4FB0-A003-12CFF41D5538}.Debug|x86.Build.0 = Debug|Any CPU
		{2CF6005D-D62A-4FB0-A003-12CFF41D5538}.Release|Any CPU.ActiveCfg = Release|Any CPU
		{2CF6005D-D62A-4FB0-A003-12CFF41D5538}.Release|Any CPU.Build.0 = Release|Any CPU
		{2CF6005D-D62A-4FB0-A003-12CFF41D5538}.Release|x64.ActiveCfg = Release|Any CPU
		{2CF6005D-D62A-4FB0-A003-12CFF41D5538}.Release|x64.Build.0 = Release|Any CPU
		{2CF6005D-D62A-4FB0-A003-12CFF41D5538}.Release|x86.ActiveCfg = Release|Any CPU
		{2CF6005D-D62A-4FB0-A003-12CFF41D5538}.Release|x86.Build.0 = Release|Any CPU
		{ACE4FB0B-EB9E-4377-80AA-7A3FB0642D96}.Debug|Any CPU.ActiveCfg = Debug|Any CPU
		{ACE4FB0B-EB9E-4377-80AA-7A3FB0642D96}.Debug|Any CPU.Build.0 = Debug|Any CPU
		{ACE4FB0B-EB9E-4377-80AA-7A3FB0642D96}.Debug|x64.ActiveCfg = Debug|Any CPU
		{ACE4FB0B-EB9E-4377-80AA-7A3FB0642D96}.Debug|x64.Build.0 = Debug|Any CPU
		{ACE4FB0B-EB9E-4377-80AA-7A3FB0642D96}.Debug|x86.ActiveCfg = Debug|Any CPU
		{ACE4FB0B-EB9E-4377-80AA-7A3FB0642D96}.Debug|x86.Build.0 = Debug|Any CPU
		{ACE4FB0B-EB9E-4377-80AA-7A3FB0642D96}.Release|Any CPU.ActiveCfg = Release|Any CPU
		{ACE4FB0B-EB9E-4377-80AA-7A3FB0642D96}.Release|Any CPU.Build.0 = Release|Any CPU
		{ACE4FB0B-EB9E-4377-80AA-7A3FB0642D96}.Release|x64.ActiveCfg = Release|Any CPU
		{ACE4FB0B-EB9E-4377-80AA-7A3FB0642D96}.Release|x64.Build.0 = Release|Any CPU
		{ACE4FB0B-EB9E-4377-80AA-7A3FB0642D96}.Release|x86.ActiveCfg = Release|Any CPU
		{ACE4FB0B-EB9E-4377-80AA-7A3FB0642D96}.Release|x86.Build.0 = Release|Any CPU
	EndGlobalSection
	GlobalSection(SolutionProperties) = preSolution
		HideSolutionNode = FALSE
	EndGlobalSection
	GlobalSection(NestedProjects) = preSolution
		{FCA01246-F2C6-0AA7-D43F-FD13BE0B9D88} = {827E0CD3-B72D-47B6-A68D-7590B98EB39B}
		{4CDEA726-8D59-434E-BF7A-26BB80EE2449} = {FCA01246-F2C6-0AA7-D43F-FD13BE0B9D88}
		{984BB9B3-3FA3-BE33-9484-CAC21695A33C} = {827E0CD3-B72D-47B6-A68D-7590B98EB39B}
		{F38D6DD7-F656-4BE5-B130-D922466FCD3F} = {984BB9B3-3FA3-BE33-9484-CAC21695A33C}
		{80060E6E-E91B-4FAD-AA7D-19AF3D93E858} = {F38D6DD7-F656-4BE5-B130-D922466FCD3F}
		{EB3204BE-795A-43A6-9382-578590916418} = {F38D6DD7-F656-4BE5-B130-D922466FCD3F}
		{D87FC206-C531-41F2-A9E6-0748BEA280CE} = {F38D6DD7-F656-4BE5-B130-D922466FCD3F}
		{FE2E6F79-C0AC-44C3-B1DC-34A811AFE81C} = {F38D6DD7-F656-4BE5-B130-D922466FCD3F}
		{B59E5D48-26C1-D9C4-D93E-3B5E35EDCC98} = {984BB9B3-3FA3-BE33-9484-CAC21695A33C}
		{3D3F59C5-89DF-4FDE-AFB6-7EE62355F32C} = {B59E5D48-26C1-D9C4-D93E-3B5E35EDCC98}
		{040B8F69-515E-483D-BC17-F36477869B7C} = {B59E5D48-26C1-D9C4-D93E-3B5E35EDCC98}
		{910C15B6-1E04-4064-8C9A-0167B105B322} = {B59E5D48-26C1-D9C4-D93E-3B5E35EDCC98}
		{3F5FDB86-8044-4CD0-92D6-6FC8085367EB} = {B59E5D48-26C1-D9C4-D93E-3B5E35EDCC98}
		{A8EA0CB8-F114-CDA5-76BF-78F49FA52584} = {984BB9B3-3FA3-BE33-9484-CAC21695A33C}
		{9F5454BF-06DF-45CC-89CF-DF788783BE30} = {A8EA0CB8-F114-CDA5-76BF-78F49FA52584}
		{64884C15-6832-4DA1-B91D-056F59959E9E} = {A8EA0CB8-F114-CDA5-76BF-78F49FA52584}
		{0D9CE5E8-FC66-41E0-A2ED-ED3369F93F23} = {A8EA0CB8-F114-CDA5-76BF-78F49FA52584}
		{C7788AB9-237C-48AF-9314-899C20C475DB} = {A8EA0CB8-F114-CDA5-76BF-78F49FA52584}
		{63B6B47E-3DD2-19BC-AC71-4A6F574972C7} = {984BB9B3-3FA3-BE33-9484-CAC21695A33C}
		{AF2F3BA2-B804-4918-94F2-7DB783DEC44E} = {63B6B47E-3DD2-19BC-AC71-4A6F574972C7}
		{CDFAB3C5-C21B-4C87-8B72-949B487834C7} = {63B6B47E-3DD2-19BC-AC71-4A6F574972C7}
		{23C405A1-AF3E-4533-ADF4-C88151831D33} = {63B6B47E-3DD2-19BC-AC71-4A6F574972C7}
		{90298CBA-BD6F-3A0A-69D5-97CAD7B05E7E} = {827E0CD3-B72D-47B6-A68D-7590B98EB39B}
		{4D909E3A-FE81-0AA7-4841-65E192C827E3} = {90298CBA-BD6F-3A0A-69D5-97CAD7B05E7E}
		{EA5D7350-5D50-4E04-B3D1-EA475103F4A4} = {4D909E3A-FE81-0AA7-4841-65E192C827E3}
		{F8284A3B-6172-4543-FC74-2C149A4C2E29} = {90298CBA-BD6F-3A0A-69D5-97CAD7B05E7E}
		{BB58422E-5C18-41BE-A3D8-8506D3682DB7} = {F8284A3B-6172-4543-FC74-2C149A4C2E29}
		{613E942C-7C9C-5766-673B-EDDCEA89CDF9} = {827E0CD3-B72D-47B6-A68D-7590B98EB39B}
		{3155BCE6-3664-3692-3FAE-F44248F49B42} = {613E942C-7C9C-5766-673B-EDDCEA89CDF9}
		{B4624336-DF25-4BD0-97C5-84D9F8CCE9FB} = {3155BCE6-3664-3692-3FAE-F44248F49B42}
		{394A81D9-3C45-9818-BB26-23F2B85056FF} = {0AB3BF05-4346-4AA6-1389-037BE0695223}
		{3E3849C4-3FD4-4DD9-8F3C-805FEEC0458B} = {394A81D9-3C45-9818-BB26-23F2B85056FF}
		{30785934-E017-5D9F-2777-3D61460A5281} = {0AB3BF05-4346-4AA6-1389-037BE0695223}
		{FC632EFB-7AEA-46A7-B4C2-92A523B9EFF9} = {30785934-E017-5D9F-2777-3D61460A5281}
		{2CF6005D-D62A-4FB0-A003-12CFF41D5538} = {63B6B47E-3DD2-19BC-AC71-4A6F574972C7}
		{29198B4F-BA60-D483-6723-7BD064451595} = {90298CBA-BD6F-3A0A-69D5-97CAD7B05E7E}
		{ACE4FB0B-EB9E-4377-80AA-7A3FB0642D96} = {29198B4F-BA60-D483-6723-7BD064451595}
	EndGlobalSection
	GlobalSection(ExtensibilityGlobals) = postSolution
		SolutionGuid = {B1F0C3B1-A2D6-4B7D-8DE5-B4783A4B8A53}
	EndGlobalSection
EndGlobal
